
Microsoft Visual Studio Solution File, Format Version 12.00
# Visual Studio Version 17
VisualStudioVersion = 17.1.32210.238
MinimumVisualStudioVersion = 10.0.40219.1
Project("{9A19103F-16F7-4668-BE54-9A1E7A4F7556}") = "FDP", "FDP\FDP.csproj", "{DF5121BB-3CED-4811-9452-ABA991A56EC7}"
EndProject
Project("{9A19103F-16F7-4668-BE54-9A1E7A4F7556}") = "BDP", "BDP\BDP.csproj", "{5952B99E-D0A5-4856-A3F7-83D22DD06D27}"
EndProject
Project("{9A19103F-16F7-4668-BE54-9A1E7A4F7556}") = "SOLID", "SOLID\SOLID.csproj", "{6E9BABE1-E681-4E83-A69C-35953AA4BB18}"
EndProject
Global
	GlobalSection(SolutionConfigurationPlatforms) = preSolution
		Debug|Any CPU = Debug|Any CPU
		Release|Any CPU = Release|Any CPU
	EndGlobalSection
	GlobalSection(ProjectConfigurationPlatforms) = postSolution
		{DF5121BB-3CED-4811-9452-ABA991A56EC7}.Debug|Any CPU.ActiveCfg = Debug|Any CPU
		{DF5121BB-3CED-4811-9452-ABA991A56EC7}.Debug|Any CPU.Build.0 = Debug|Any CPU
		{DF5121BB-3CED-4811-9452-ABA991A56EC7}.Release|Any CPU.ActiveCfg = Release|Any CPU
		{DF5121BB-3CED-4811-9452-ABA991A56EC7}.Release|Any CPU.Build.0 = Release|Any CPU
		{5952B99E-D0A5-4856-A3F7-83D22DD06D27}.Debug|Any CPU.ActiveCfg = Debug|Any CPU
		{5952B99E-D0A5-4856-A3F7-83D22DD06D27}.Debug|Any CPU.Build.0 = Debug|Any CPU
		{5952B99E-D0A5-4856-A3F7-83D22DD06D27}.Release|Any CPU.ActiveCfg = Release|Any CPU
		{5952B99E-D0A5-4856-A3F7-83D22DD06D27}.Release|Any CPU.Build.0 = Release|Any CPU
		{6E9BABE1-E681-4E83-A69C-35953AA4BB18}.Debug|Any CPU.ActiveCfg = Debug|Any CPU
		{6E9BABE1-E681-4E83-A69C-35953AA4BB18}.Debug|Any CPU.Build.0 = Debug|Any CPU
		{6E9BABE1-E681-4E83-A69C-35953AA4BB18}.Release|Any CPU.ActiveCfg = Release|Any CPU
		{6E9BABE1-E681-4E83-A69C-35953AA4BB18}.Release|Any CPU.Build.0 = Release|Any CPU
	EndGlobalSection
	GlobalSection(SolutionProperties) = preSolution
		HideSolutionNode = FALSE
	EndGlobalSection
	GlobalSection(ExtensibilityGlobals) = postSolution
		SolutionGuid = {52859F8B-E543-46D9-9D1A-72D2981BB0C8}
	EndGlobalSection
EndGlobal
